
Microsoft Visual Studio Solution File, Format Version 12.00
# Visual Studio 15
VisualStudioVersion = 15.0.26430.14
MinimumVisualStudioVersion = 10.0.40219.1
Project("{9A19103F-16F7-4668-BE54-9A1E7A4F7556}") = "AspieTech.Builder", "AspieTech.Builder\AspieTech.Builder.csproj", "{AEF1D88D-BC5F-48B3-9E86-9AFF7CC1C937}"
EndProject
Project("{9A19103F-16F7-4668-BE54-9A1E7A4F7556}") = "AspieTech.DependencyInjection", "AspieTech.DependencyInjection\AspieTech.DependencyInjection.csproj", "{030788E6-A3A9-4A53-BF6D-A8EDB0031169}"
EndProject
Project("{9A19103F-16F7-4668-BE54-9A1E7A4F7556}") = "AspieTech.DependencyInjection.Abstractions", "AspieTech.DependencyInjection.Abstractions\AspieTech.DependencyInjection.Abstractions.csproj", "{EC5D23B2-B79B-459A-A5EC-D34FDFA3CC16}"
EndProject
Project("{9A19103F-16F7-4668-BE54-9A1E7A4F7556}") = "AspieTech.Localization", "AspieTech.Localization\AspieTech.Localization.csproj", "{6481EEF4-500D-4455-AE94-815FC54D2105}"
EndProject
Project("{9A19103F-16F7-4668-BE54-9A1E7A4F7556}") = "AspieTech.Logger", "AspieTech.Logger\AspieTech.Logger.csproj", "{B24711E2-8BFF-4D1B-A934-69A61DDF8E4E}"
EndProject
Project("{9A19103F-16F7-4668-BE54-9A1E7A4F7556}") = "AspieTech.Logger.DataAccessLayer", "AspieTech.Logger.DataAccessLayer\AspieTech.Logger.DataAccessLayer.csproj", "{45C21542-E5E4-4013-9520-DF80BDBB97FA}"
EndProject
Project("{2150E333-8FDC-42A3-9474-1A3956D46DE8}") = "Dependencies", "Dependencies", "{529BAF3A-503C-421C-9E21-BB6B088528F0}"
EndProject
Project("{9A19103F-16F7-4668-BE54-9A1E7A4F7556}") = "AspieTech.Utils.Enums", "..\AspieTech.Utils.Enums\AspieTech.Utils.Enums\AspieTech.Utils.Enums.csproj", "{2DD17B67-57B8-4C04-A4FF-8F1B92CC1763}"
EndProject
Global
	GlobalSection(SolutionConfigurationPlatforms) = preSolution
		Debug|Any CPU = Debug|Any CPU
		Debug|x64 = Debug|x64
		Release|Any CPU = Release|Any CPU
		Release|x64 = Release|x64
	EndGlobalSection
	GlobalSection(ProjectConfigurationPlatforms) = postSolution
		{AEF1D88D-BC5F-48B3-9E86-9AFF7CC1C937}.Debug|Any CPU.ActiveCfg = Debug|Any CPU
		{AEF1D88D-BC5F-48B3-9E86-9AFF7CC1C937}.Debug|Any CPU.Build.0 = Debug|Any CPU
		{AEF1D88D-BC5F-48B3-9E86-9AFF7CC1C937}.Debug|x64.ActiveCfg = Debug|Any CPU
		{AEF1D88D-BC5F-48B3-9E86-9AFF7CC1C937}.Debug|x64.Build.0 = Debug|Any CPU
		{AEF1D88D-BC5F-48B3-9E86-9AFF7CC1C937}.Release|Any CPU.ActiveCfg = Release|Any CPU
		{AEF1D88D-BC5F-48B3-9E86-9AFF7CC1C937}.Release|Any CPU.Build.0 = Release|Any CPU
		{AEF1D88D-BC5F-48B3-9E86-9AFF7CC1C937}.Release|x64.ActiveCfg = Release|Any CPU
		{AEF1D88D-BC5F-48B3-9E86-9AFF7CC1C937}.Release|x64.Build.0 = Release|Any CPU
		{030788E6-A3A9-4A53-BF6D-A8EDB0031169}.Debug|Any CPU.ActiveCfg = Debug|Any CPU
		{030788E6-A3A9-4A53-BF6D-A8EDB0031169}.Debug|Any CPU.Build.0 = Debug|Any CPU
		{030788E6-A3A9-4A53-BF6D-A8EDB0031169}.Debug|x64.ActiveCfg = Debug|Any CPU
		{030788E6-A3A9-4A53-BF6D-A8EDB0031169}.Debug|x64.Build.0 = Debug|Any CPU
		{030788E6-A3A9-4A53-BF6D-A8EDB0031169}.Release|Any CPU.ActiveCfg = Release|Any CPU
		{030788E6-A3A9-4A53-BF6D-A8EDB0031169}.Release|Any CPU.Build.0 = Release|Any CPU
		{030788E6-A3A9-4A53-BF6D-A8EDB0031169}.Release|x64.ActiveCfg = Release|Any CPU
		{030788E6-A3A9-4A53-BF6D-A8EDB0031169}.Release|x64.Build.0 = Release|Any CPU
		{EC5D23B2-B79B-459A-A5EC-D34FDFA3CC16}.Debug|Any CPU.ActiveCfg = Debug|Any CPU
		{EC5D23B2-B79B-459A-A5EC-D34FDFA3CC16}.Debug|Any CPU.Build.0 = Debug|Any CPU
		{EC5D23B2-B79B-459A-A5EC-D34FDFA3CC16}.Debug|x64.ActiveCfg = Debug|Any CPU
		{EC5D23B2-B79B-459A-A5EC-D34FDFA3CC16}.Debug|x64.Build.0 = Debug|Any CPU
		{EC5D23B2-B79B-459A-A5EC-D34FDFA3CC16}.Release|Any CPU.ActiveCfg = Release|Any CPU
		{EC5D23B2-B79B-459A-A5EC-D34FDFA3CC16}.Release|Any CPU.Build.0 = Release|Any CPU
		{EC5D23B2-B79B-459A-A5EC-D34FDFA3CC16}.Release|x64.ActiveCfg = Release|Any CPU
		{EC5D23B2-B79B-459A-A5EC-D34FDFA3CC16}.Release|x64.Build.0 = Release|Any CPU
		{6481EEF4-500D-4455-AE94-815FC54D2105}.Debug|Any CPU.ActiveCfg = Debug|Any CPU
		{6481EEF4-500D-4455-AE94-815FC54D2105}.Debug|Any CPU.Build.0 = Debug|Any CPU
		{6481EEF4-500D-4455-AE94-815FC54D2105}.Debug|x64.ActiveCfg = Debug|Any CPU
		{6481EEF4-500D-4455-AE94-815FC54D2105}.Debug|x64.Build.0 = Debug|Any CPU
		{6481EEF4-500D-4455-AE94-815FC54D2105}.Release|Any CPU.ActiveCfg = Release|Any CPU
		{6481EEF4-500D-4455-AE94-815FC54D2105}.Release|Any CPU.Build.0 = Release|Any CPU
		{6481EEF4-500D-4455-AE94-815FC54D2105}.Release|x64.ActiveCfg = Release|Any CPU
		{6481EEF4-500D-4455-AE94-815FC54D2105}.Release|x64.Build.0 = Release|Any CPU
		{B24711E2-8BFF-4D1B-A934-69A61DDF8E4E}.Debug|Any CPU.ActiveCfg = Debug|Any CPU
		{B24711E2-8BFF-4D1B-A934-69A61DDF8E4E}.Debug|Any CPU.Build.0 = Debug|Any CPU
		{B24711E2-8BFF-4D1B-A934-69A61DDF8E4E}.Debug|x64.ActiveCfg = Debug|Any CPU
		{B24711E2-8BFF-4D1B-A934-69A61DDF8E4E}.Debug|x64.Build.0 = Debug|Any CPU
		{B24711E2-8BFF-4D1B-A934-69A61DDF8E4E}.Release|Any CPU.ActiveCfg = Release|Any CPU
		{B24711E2-8BFF-4D1B-A934-69A61DDF8E4E}.Release|Any CPU.Build.0 = Release|Any CPU
		{B24711E2-8BFF-4D1B-A934-69A61DDF8E4E}.Release|x64.ActiveCfg = Release|Any CPU
		{B24711E2-8BFF-4D1B-A934-69A61DDF8E4E}.Release|x64.Build.0 = Release|Any CPU
		{45C21542-E5E4-4013-9520-DF80BDBB97FA}.Debug|Any CPU.ActiveCfg = Debug|Any CPU
		{45C21542-E5E4-4013-9520-DF80BDBB97FA}.Debug|Any CPU.Build.0 = Debug|Any CPU
		{45C21542-E5E4-4013-9520-DF80BDBB97FA}.Debug|x64.ActiveCfg = Debug|Any CPU
		{45C21542-E5E4-4013-9520-DF80BDBB97FA}.Debug|x64.Build.0 = Debug|Any CPU
		{45C21542-E5E4-4013-9520-DF80BDBB97FA}.Release|Any CPU.ActiveCfg = Release|Any CPU
		{45C21542-E5E4-4013-9520-DF80BDBB97FA}.Release|Any CPU.Build.0 = Release|Any CPU
		{45C21542-E5E4-4013-9520-DF80BDBB97FA}.Release|x64.ActiveCfg = Release|Any CPU
		{45C21542-E5E4-4013-9520-DF80BDBB97FA}.Release|x64.Build.0 = Release|Any CPU
		{2DD17B67-57B8-4C04-A4FF-8F1B92CC1763}.Debug|Any CPU.ActiveCfg = Debug|Any CPU
		{2DD17B67-57B8-4C04-A4FF-8F1B92CC1763}.Debug|Any CPU.Build.0 = Debug|Any CPU
		{2DD17B67-57B8-4C04-A4FF-8F1B92CC1763}.Debug|x64.ActiveCfg = Debug|Any CPU
		{2DD17B67-57B8-4C04-A4FF-8F1B92CC1763}.Debug|x64.Build.0 = Debug|Any CPU
		{2DD17B67-57B8-4C04-A4FF-8F1B92CC1763}.Release|Any CPU.ActiveCfg = Release|Any CPU
		{2DD17B67-57B8-4C04-A4FF-8F1B92CC1763}.Release|Any CPU.Build.0 = Release|Any CPU
		{2DD17B67-57B8-4C04-A4FF-8F1B92CC1763}.Release|x64.ActiveCfg = Release|Any CPU
		{2DD17B67-57B8-4C04-A4FF-8F1B92CC1763}.Release|x64.Build.0 = Release|Any CPU
	EndGlobalSection
	GlobalSection(SolutionProperties) = preSolution
		HideSolutionNode = FALSE
	EndGlobalSection
	GlobalSection(NestedProjects) = preSolution
		{2DD17B67-57B8-4C04-A4FF-8F1B92CC1763} = {529BAF3A-503C-421C-9E21-BB6B088528F0}
	EndGlobalSection
	GlobalSection(ExtensibilityGlobals) = postSolution
		SolutionGuid = {A97563D5-CF88-4F2D-A077-85B34DF6366C}
	EndGlobalSection
EndGlobal
