
Microsoft Visual Studio Solution File, Format Version 12.00
# Visual Studio 15
VisualStudioVersion = 15.0.26730.10
MinimumVisualStudioVersion = 10.0.40219.1
Project("{FAE04EC0-301F-11D3-BF4B-00C04F79EFBC}") = "AspieTech.CAA.Engine", "AspieTech.CAA.Engine\AspieTech.CAA.Engine.csproj", "{53FF3433-E824-483A-9FE5-49BE94819E85}"
EndProject
Global
	GlobalSection(SolutionConfigurationPlatforms) = preSolution
		Debug|Any CPU = Debug|Any CPU
		Release|Any CPU = Release|Any CPU
	EndGlobalSection
	GlobalSection(ProjectConfigurationPlatforms) = postSolution
		{53FF3433-E824-483A-9FE5-49BE94819E85}.Debug|Any CPU.ActiveCfg = Debug|Any CPU
		{53FF3433-E824-483A-9FE5-49BE94819E85}.Debug|Any CPU.Build.0 = Debug|Any CPU
		{53FF3433-E824-483A-9FE5-49BE94819E85}.Release|Any CPU.ActiveCfg = Release|Any CPU
		{53FF3433-E824-483A-9FE5-49BE94819E85}.Release|Any CPU.Build.0 = Release|Any CPU
	EndGlobalSection
	GlobalSection(SolutionProperties) = preSolution
		HideSolutionNode = FALSE
	EndGlobalSection
	GlobalSection(ExtensibilityGlobals) = postSolution
		SolutionGuid = {34B5CBD3-2B85-4C8F-B754-F66C38CF5B6F}
	EndGlobalSection
EndGlobal
