
Microsoft Visual Studio Solution File, Format Version 12.00
# Visual Studio 15
VisualStudioVersion = 15.0.26730.10
MinimumVisualStudioVersion = 10.0.40219.1
Project("{FAE04EC0-301F-11D3-BF4B-00C04F79EFBC}") = "AspieTech.CAA.WebApi", "AspieTech.CAA.WebApi\AspieTech.CAA.WebApi.csproj", "{F65AEA8B-95B2-4704-A2DA-38A8CC6FDC08}"
EndProject
Project("{FAE04EC0-301F-11D3-BF4B-00C04F79EFBC}") = "AspieTech.CAA.WebApi.Tests", "AspieTech.CAA.WebApi.Tests\AspieTech.CAA.WebApi.Tests.csproj", "{880A11E2-784E-4E12-AC5E-446C43F8FD5A}"
EndProject
Project("{2150E333-8FDC-42A3-9474-1A3956D46DE8}") = "AspieTech.Kernel", "AspieTech.Kernel", "{426C0DA7-3533-4D8B-85A3-1228161DD340}"
EndProject
Project("{FAE04EC0-301F-11D3-BF4B-00C04F79EFBC}") = "AspieTech.LocalizationHandler", "..\..\Libs\AspieTech.Kernel\AspieTech.LocalizationHandler\AspieTech.LocalizationHandler.csproj", "{42FE9174-A75B-4039-8C04-F1421D3DEEC0}"
EndProject
Project("{FAE04EC0-301F-11D3-BF4B-00C04F79EFBC}") = "AspieTech.Builder", "..\..\Libs\AspieTech.Kernel\AspieTech.Builder\AspieTech.Builder.csproj", "{6FC1D504-8D21-4990-9DB2-520D4E7851B5}"
EndProject
Project("{FAE04EC0-301F-11D3-BF4B-00C04F79EFBC}") = "AspieTech.Model", "..\..\Libs\AspieTech.Kernel\AspieTech.Model\AspieTech.Model.csproj", "{E7BF3346-B7DE-4DBC-AB42-D17E148D3B1D}"
EndProject
Project("{FAE04EC0-301F-11D3-BF4B-00C04F79EFBC}") = "AspieTech.LoggerHandler", "..\..\Libs\AspieTech.Kernel\AspieTech.LoggerHandler\AspieTech.LoggerHandler.csproj", "{8B7C8285-6AE3-4A76-92DD-48CC6F51200A}"
EndProject
Project("{FAE04EC0-301F-11D3-BF4B-00C04F79EFBC}") = "AspieTech.Engine", "..\..\Libs\AspieTech.Kernel\AspieTech.Engine\AspieTech.Engine.csproj", "{D41B9302-F6F1-4D05-8005-3E457677DBA5}"
EndProject
Project("{FAE04EC0-301F-11D3-BF4B-00C04F79EFBC}") = "AspieTech.BridgeHandler", "..\..\Libs\AspieTech.Kernel\AspieTech.BridgeHandler\AspieTech.BridgeHandler.csproj", "{7597E308-DD94-4518-A354-2884F2118BA9}"
EndProject
Project("{FAE04EC0-301F-11D3-BF4B-00C04F79EFBC}") = "AspieTech.BusinessLogicLayer", "..\..\Libs\AspieTech.Kernel\AspieTech.BusinessLogicLayer\AspieTech.BusinessLogicLayer.csproj", "{D3E08243-00BE-4D1A-909A-2D30AB348F70}"
EndProject
Project("{FAE04EC0-301F-11D3-BF4B-00C04F79EFBC}") = "AspieTech.DataAccessLayer", "..\..\Libs\AspieTech.Kernel\AspieTech.DataAccessLayer\AspieTech.DataAccessLayer.csproj", "{8001E3B3-6AD6-4778-A82C-F63FB4665809}"
EndProject
Project("{2150E333-8FDC-42A3-9474-1A3956D46DE8}") = "Libraries", "Libraries", "{79411DC7-BC07-44FC-B108-531D4E3A461A}"
EndProject
Project("{2150E333-8FDC-42A3-9474-1A3956D46DE8}") = "AspieTech.CAA", "AspieTech.CAA", "{20C9768E-5617-472E-A1BE-2DE05F3A45F5}"
EndProject
Project("{FAE04EC0-301F-11D3-BF4B-00C04F79EFBC}") = "AspieTech.CAA.Engine", "..\..\Libs\AspieTech.CAA\AspieTech.CAA.Engine\AspieTech.CAA.Engine.csproj", "{53FF3433-E824-483A-9FE5-49BE94819E85}"
EndProject
Global
	GlobalSection(SolutionConfigurationPlatforms) = preSolution
		Debug|Any CPU = Debug|Any CPU
		Debug|ARM = Debug|ARM
		Debug|x64 = Debug|x64
		Debug|x86 = Debug|x86
		Release|Any CPU = Release|Any CPU
		Release|ARM = Release|ARM
		Release|x64 = Release|x64
		Release|x86 = Release|x86
	EndGlobalSection
	GlobalSection(ProjectConfigurationPlatforms) = postSolution
		{F65AEA8B-95B2-4704-A2DA-38A8CC6FDC08}.Debug|Any CPU.ActiveCfg = Debug|Any CPU
		{F65AEA8B-95B2-4704-A2DA-38A8CC6FDC08}.Debug|Any CPU.Build.0 = Debug|Any CPU
		{F65AEA8B-95B2-4704-A2DA-38A8CC6FDC08}.Debug|ARM.ActiveCfg = Debug|Any CPU
		{F65AEA8B-95B2-4704-A2DA-38A8CC6FDC08}.Debug|ARM.Build.0 = Debug|Any CPU
		{F65AEA8B-95B2-4704-A2DA-38A8CC6FDC08}.Debug|x64.ActiveCfg = Debug|Any CPU
		{F65AEA8B-95B2-4704-A2DA-38A8CC6FDC08}.Debug|x64.Build.0 = Debug|Any CPU
		{F65AEA8B-95B2-4704-A2DA-38A8CC6FDC08}.Debug|x86.ActiveCfg = Debug|Any CPU
		{F65AEA8B-95B2-4704-A2DA-38A8CC6FDC08}.Debug|x86.Build.0 = Debug|Any CPU
		{F65AEA8B-95B2-4704-A2DA-38A8CC6FDC08}.Release|Any CPU.ActiveCfg = Release|Any CPU
		{F65AEA8B-95B2-4704-A2DA-38A8CC6FDC08}.Release|Any CPU.Build.0 = Release|Any CPU
		{F65AEA8B-95B2-4704-A2DA-38A8CC6FDC08}.Release|ARM.ActiveCfg = Release|Any CPU
		{F65AEA8B-95B2-4704-A2DA-38A8CC6FDC08}.Release|ARM.Build.0 = Release|Any CPU
		{F65AEA8B-95B2-4704-A2DA-38A8CC6FDC08}.Release|x64.ActiveCfg = Release|Any CPU
		{F65AEA8B-95B2-4704-A2DA-38A8CC6FDC08}.Release|x64.Build.0 = Release|Any CPU
		{F65AEA8B-95B2-4704-A2DA-38A8CC6FDC08}.Release|x86.ActiveCfg = Release|Any CPU
		{F65AEA8B-95B2-4704-A2DA-38A8CC6FDC08}.Release|x86.Build.0 = Release|Any CPU
		{880A11E2-784E-4E12-AC5E-446C43F8FD5A}.Debug|Any CPU.ActiveCfg = Debug|Any CPU
		{880A11E2-784E-4E12-AC5E-446C43F8FD5A}.Debug|Any CPU.Build.0 = Debug|Any CPU
		{880A11E2-784E-4E12-AC5E-446C43F8FD5A}.Debug|ARM.ActiveCfg = Debug|Any CPU
		{880A11E2-784E-4E12-AC5E-446C43F8FD5A}.Debug|ARM.Build.0 = Debug|Any CPU
		{880A11E2-784E-4E12-AC5E-446C43F8FD5A}.Debug|x64.ActiveCfg = Debug|Any CPU
		{880A11E2-784E-4E12-AC5E-446C43F8FD5A}.Debug|x64.Build.0 = Debug|Any CPU
		{880A11E2-784E-4E12-AC5E-446C43F8FD5A}.Debug|x86.ActiveCfg = Debug|Any CPU
		{880A11E2-784E-4E12-AC5E-446C43F8FD5A}.Debug|x86.Build.0 = Debug|Any CPU
		{880A11E2-784E-4E12-AC5E-446C43F8FD5A}.Release|Any CPU.ActiveCfg = Release|Any CPU
		{880A11E2-784E-4E12-AC5E-446C43F8FD5A}.Release|Any CPU.Build.0 = Release|Any CPU
		{880A11E2-784E-4E12-AC5E-446C43F8FD5A}.Release|ARM.ActiveCfg = Release|Any CPU
		{880A11E2-784E-4E12-AC5E-446C43F8FD5A}.Release|ARM.Build.0 = Release|Any CPU
		{880A11E2-784E-4E12-AC5E-446C43F8FD5A}.Release|x64.ActiveCfg = Release|Any CPU
		{880A11E2-784E-4E12-AC5E-446C43F8FD5A}.Release|x64.Build.0 = Release|Any CPU
		{880A11E2-784E-4E12-AC5E-446C43F8FD5A}.Release|x86.ActiveCfg = Release|Any CPU
		{880A11E2-784E-4E12-AC5E-446C43F8FD5A}.Release|x86.Build.0 = Release|Any CPU
		{42FE9174-A75B-4039-8C04-F1421D3DEEC0}.Debug|Any CPU.ActiveCfg = Debug|Any CPU
		{42FE9174-A75B-4039-8C04-F1421D3DEEC0}.Debug|Any CPU.Build.0 = Debug|Any CPU
		{42FE9174-A75B-4039-8C04-F1421D3DEEC0}.Debug|ARM.ActiveCfg = Debug|Any CPU
		{42FE9174-A75B-4039-8C04-F1421D3DEEC0}.Debug|ARM.Build.0 = Debug|Any CPU
		{42FE9174-A75B-4039-8C04-F1421D3DEEC0}.Debug|x64.ActiveCfg = Debug|Any CPU
		{42FE9174-A75B-4039-8C04-F1421D3DEEC0}.Debug|x64.Build.0 = Debug|Any CPU
		{42FE9174-A75B-4039-8C04-F1421D3DEEC0}.Debug|x86.ActiveCfg = Debug|Any CPU
		{42FE9174-A75B-4039-8C04-F1421D3DEEC0}.Debug|x86.Build.0 = Debug|Any CPU
		{42FE9174-A75B-4039-8C04-F1421D3DEEC0}.Release|Any CPU.ActiveCfg = Release|Any CPU
		{42FE9174-A75B-4039-8C04-F1421D3DEEC0}.Release|Any CPU.Build.0 = Release|Any CPU
		{42FE9174-A75B-4039-8C04-F1421D3DEEC0}.Release|ARM.ActiveCfg = Release|Any CPU
		{42FE9174-A75B-4039-8C04-F1421D3DEEC0}.Release|ARM.Build.0 = Release|Any CPU
		{42FE9174-A75B-4039-8C04-F1421D3DEEC0}.Release|x64.ActiveCfg = Release|Any CPU
		{42FE9174-A75B-4039-8C04-F1421D3DEEC0}.Release|x64.Build.0 = Release|Any CPU
		{42FE9174-A75B-4039-8C04-F1421D3DEEC0}.Release|x86.ActiveCfg = Release|Any CPU
		{42FE9174-A75B-4039-8C04-F1421D3DEEC0}.Release|x86.Build.0 = Release|Any CPU
		{6FC1D504-8D21-4990-9DB2-520D4E7851B5}.Debug|Any CPU.ActiveCfg = Debug|Any CPU
		{6FC1D504-8D21-4990-9DB2-520D4E7851B5}.Debug|Any CPU.Build.0 = Debug|Any CPU
		{6FC1D504-8D21-4990-9DB2-520D4E7851B5}.Debug|ARM.ActiveCfg = Debug|Any CPU
		{6FC1D504-8D21-4990-9DB2-520D4E7851B5}.Debug|ARM.Build.0 = Debug|Any CPU
		{6FC1D504-8D21-4990-9DB2-520D4E7851B5}.Debug|x64.ActiveCfg = Debug|x64
		{6FC1D504-8D21-4990-9DB2-520D4E7851B5}.Debug|x64.Build.0 = Debug|x64
		{6FC1D504-8D21-4990-9DB2-520D4E7851B5}.Debug|x86.ActiveCfg = Debug|Any CPU
		{6FC1D504-8D21-4990-9DB2-520D4E7851B5}.Debug|x86.Build.0 = Debug|Any CPU
		{6FC1D504-8D21-4990-9DB2-520D4E7851B5}.Release|Any CPU.ActiveCfg = Release|Any CPU
		{6FC1D504-8D21-4990-9DB2-520D4E7851B5}.Release|Any CPU.Build.0 = Release|Any CPU
		{6FC1D504-8D21-4990-9DB2-520D4E7851B5}.Release|ARM.ActiveCfg = Release|Any CPU
		{6FC1D504-8D21-4990-9DB2-520D4E7851B5}.Release|ARM.Build.0 = Release|Any CPU
		{6FC1D504-8D21-4990-9DB2-520D4E7851B5}.Release|x64.ActiveCfg = Release|x64
		{6FC1D504-8D21-4990-9DB2-520D4E7851B5}.Release|x64.Build.0 = Release|x64
		{6FC1D504-8D21-4990-9DB2-520D4E7851B5}.Release|x86.ActiveCfg = Release|Any CPU
		{6FC1D504-8D21-4990-9DB2-520D4E7851B5}.Release|x86.Build.0 = Release|Any CPU
		{E7BF3346-B7DE-4DBC-AB42-D17E148D3B1D}.Debug|Any CPU.ActiveCfg = Debug|Any CPU
		{E7BF3346-B7DE-4DBC-AB42-D17E148D3B1D}.Debug|Any CPU.Build.0 = Debug|Any CPU
		{E7BF3346-B7DE-4DBC-AB42-D17E148D3B1D}.Debug|ARM.ActiveCfg = Debug|Any CPU
		{E7BF3346-B7DE-4DBC-AB42-D17E148D3B1D}.Debug|ARM.Build.0 = Debug|Any CPU
		{E7BF3346-B7DE-4DBC-AB42-D17E148D3B1D}.Debug|x64.ActiveCfg = Debug|Any CPU
		{E7BF3346-B7DE-4DBC-AB42-D17E148D3B1D}.Debug|x64.Build.0 = Debug|Any CPU
		{E7BF3346-B7DE-4DBC-AB42-D17E148D3B1D}.Debug|x86.ActiveCfg = Debug|Any CPU
		{E7BF3346-B7DE-4DBC-AB42-D17E148D3B1D}.Debug|x86.Build.0 = Debug|Any CPU
		{E7BF3346-B7DE-4DBC-AB42-D17E148D3B1D}.Release|Any CPU.ActiveCfg = Release|Any CPU
		{E7BF3346-B7DE-4DBC-AB42-D17E148D3B1D}.Release|Any CPU.Build.0 = Release|Any CPU
		{E7BF3346-B7DE-4DBC-AB42-D17E148D3B1D}.Release|ARM.ActiveCfg = Release|Any CPU
		{E7BF3346-B7DE-4DBC-AB42-D17E148D3B1D}.Release|ARM.Build.0 = Release|Any CPU
		{E7BF3346-B7DE-4DBC-AB42-D17E148D3B1D}.Release|x64.ActiveCfg = Release|Any CPU
		{E7BF3346-B7DE-4DBC-AB42-D17E148D3B1D}.Release|x64.Build.0 = Release|Any CPU
		{E7BF3346-B7DE-4DBC-AB42-D17E148D3B1D}.Release|x86.ActiveCfg = Release|Any CPU
		{E7BF3346-B7DE-4DBC-AB42-D17E148D3B1D}.Release|x86.Build.0 = Release|Any CPU
		{8B7C8285-6AE3-4A76-92DD-48CC6F51200A}.Debug|Any CPU.ActiveCfg = Debug|Any CPU
		{8B7C8285-6AE3-4A76-92DD-48CC6F51200A}.Debug|Any CPU.Build.0 = Debug|Any CPU
		{8B7C8285-6AE3-4A76-92DD-48CC6F51200A}.Debug|ARM.ActiveCfg = Debug|Any CPU
		{8B7C8285-6AE3-4A76-92DD-48CC6F51200A}.Debug|ARM.Build.0 = Debug|Any CPU
		{8B7C8285-6AE3-4A76-92DD-48CC6F51200A}.Debug|x64.ActiveCfg = Debug|Any CPU
		{8B7C8285-6AE3-4A76-92DD-48CC6F51200A}.Debug|x64.Build.0 = Debug|Any CPU
		{8B7C8285-6AE3-4A76-92DD-48CC6F51200A}.Debug|x86.ActiveCfg = Debug|Any CPU
		{8B7C8285-6AE3-4A76-92DD-48CC6F51200A}.Debug|x86.Build.0 = Debug|Any CPU
		{8B7C8285-6AE3-4A76-92DD-48CC6F51200A}.Release|Any CPU.ActiveCfg = Release|Any CPU
		{8B7C8285-6AE3-4A76-92DD-48CC6F51200A}.Release|Any CPU.Build.0 = Release|Any CPU
		{8B7C8285-6AE3-4A76-92DD-48CC6F51200A}.Release|ARM.ActiveCfg = Release|Any CPU
		{8B7C8285-6AE3-4A76-92DD-48CC6F51200A}.Release|ARM.Build.0 = Release|Any CPU
		{8B7C8285-6AE3-4A76-92DD-48CC6F51200A}.Release|x64.ActiveCfg = Release|Any CPU
		{8B7C8285-6AE3-4A76-92DD-48CC6F51200A}.Release|x64.Build.0 = Release|Any CPU
		{8B7C8285-6AE3-4A76-92DD-48CC6F51200A}.Release|x86.ActiveCfg = Release|Any CPU
		{8B7C8285-6AE3-4A76-92DD-48CC6F51200A}.Release|x86.Build.0 = Release|Any CPU
		{D41B9302-F6F1-4D05-8005-3E457677DBA5}.Debug|Any CPU.ActiveCfg = Debug|Any CPU
		{D41B9302-F6F1-4D05-8005-3E457677DBA5}.Debug|Any CPU.Build.0 = Debug|Any CPU
		{D41B9302-F6F1-4D05-8005-3E457677DBA5}.Debug|ARM.ActiveCfg = Debug|Any CPU
		{D41B9302-F6F1-4D05-8005-3E457677DBA5}.Debug|ARM.Build.0 = Debug|Any CPU
		{D41B9302-F6F1-4D05-8005-3E457677DBA5}.Debug|x64.ActiveCfg = Debug|Any CPU
		{D41B9302-F6F1-4D05-8005-3E457677DBA5}.Debug|x64.Build.0 = Debug|Any CPU
		{D41B9302-F6F1-4D05-8005-3E457677DBA5}.Debug|x86.ActiveCfg = Debug|Any CPU
		{D41B9302-F6F1-4D05-8005-3E457677DBA5}.Debug|x86.Build.0 = Debug|Any CPU
		{D41B9302-F6F1-4D05-8005-3E457677DBA5}.Release|Any CPU.ActiveCfg = Release|Any CPU
		{D41B9302-F6F1-4D05-8005-3E457677DBA5}.Release|Any CPU.Build.0 = Release|Any CPU
		{D41B9302-F6F1-4D05-8005-3E457677DBA5}.Release|ARM.ActiveCfg = Release|Any CPU
		{D41B9302-F6F1-4D05-8005-3E457677DBA5}.Release|ARM.Build.0 = Release|Any CPU
		{D41B9302-F6F1-4D05-8005-3E457677DBA5}.Release|x64.ActiveCfg = Release|Any CPU
		{D41B9302-F6F1-4D05-8005-3E457677DBA5}.Release|x64.Build.0 = Release|Any CPU
		{D41B9302-F6F1-4D05-8005-3E457677DBA5}.Release|x86.ActiveCfg = Release|Any CPU
		{D41B9302-F6F1-4D05-8005-3E457677DBA5}.Release|x86.Build.0 = Release|Any CPU
		{7597E308-DD94-4518-A354-2884F2118BA9}.Debug|Any CPU.ActiveCfg = Debug|Any CPU
		{7597E308-DD94-4518-A354-2884F2118BA9}.Debug|Any CPU.Build.0 = Debug|Any CPU
		{7597E308-DD94-4518-A354-2884F2118BA9}.Debug|ARM.ActiveCfg = Debug|Any CPU
		{7597E308-DD94-4518-A354-2884F2118BA9}.Debug|ARM.Build.0 = Debug|Any CPU
		{7597E308-DD94-4518-A354-2884F2118BA9}.Debug|x64.ActiveCfg = Debug|Any CPU
		{7597E308-DD94-4518-A354-2884F2118BA9}.Debug|x64.Build.0 = Debug|Any CPU
		{7597E308-DD94-4518-A354-2884F2118BA9}.Debug|x86.ActiveCfg = Debug|Any CPU
		{7597E308-DD94-4518-A354-2884F2118BA9}.Debug|x86.Build.0 = Debug|Any CPU
		{7597E308-DD94-4518-A354-2884F2118BA9}.Release|Any CPU.ActiveCfg = Release|Any CPU
		{7597E308-DD94-4518-A354-2884F2118BA9}.Release|Any CPU.Build.0 = Release|Any CPU
		{7597E308-DD94-4518-A354-2884F2118BA9}.Release|ARM.ActiveCfg = Release|Any CPU
		{7597E308-DD94-4518-A354-2884F2118BA9}.Release|ARM.Build.0 = Release|Any CPU
		{7597E308-DD94-4518-A354-2884F2118BA9}.Release|x64.ActiveCfg = Release|Any CPU
		{7597E308-DD94-4518-A354-2884F2118BA9}.Release|x64.Build.0 = Release|Any CPU
		{7597E308-DD94-4518-A354-2884F2118BA9}.Release|x86.ActiveCfg = Release|Any CPU
		{7597E308-DD94-4518-A354-2884F2118BA9}.Release|x86.Build.0 = Release|Any CPU
		{D3E08243-00BE-4D1A-909A-2D30AB348F70}.Debug|Any CPU.ActiveCfg = Debug|Any CPU
		{D3E08243-00BE-4D1A-909A-2D30AB348F70}.Debug|Any CPU.Build.0 = Debug|Any CPU
		{D3E08243-00BE-4D1A-909A-2D30AB348F70}.Debug|ARM.ActiveCfg = Debug|Any CPU
		{D3E08243-00BE-4D1A-909A-2D30AB348F70}.Debug|ARM.Build.0 = Debug|Any CPU
		{D3E08243-00BE-4D1A-909A-2D30AB348F70}.Debug|x64.ActiveCfg = Debug|Any CPU
		{D3E08243-00BE-4D1A-909A-2D30AB348F70}.Debug|x64.Build.0 = Debug|Any CPU
		{D3E08243-00BE-4D1A-909A-2D30AB348F70}.Debug|x86.ActiveCfg = Debug|Any CPU
		{D3E08243-00BE-4D1A-909A-2D30AB348F70}.Debug|x86.Build.0 = Debug|Any CPU
		{D3E08243-00BE-4D1A-909A-2D30AB348F70}.Release|Any CPU.ActiveCfg = Release|Any CPU
		{D3E08243-00BE-4D1A-909A-2D30AB348F70}.Release|Any CPU.Build.0 = Release|Any CPU
		{D3E08243-00BE-4D1A-909A-2D30AB348F70}.Release|ARM.ActiveCfg = Release|Any CPU
		{D3E08243-00BE-4D1A-909A-2D30AB348F70}.Release|ARM.Build.0 = Release|Any CPU
		{D3E08243-00BE-4D1A-909A-2D30AB348F70}.Release|x64.ActiveCfg = Release|Any CPU
		{D3E08243-00BE-4D1A-909A-2D30AB348F70}.Release|x64.Build.0 = Release|Any CPU
		{D3E08243-00BE-4D1A-909A-2D30AB348F70}.Release|x86.ActiveCfg = Release|Any CPU
		{D3E08243-00BE-4D1A-909A-2D30AB348F70}.Release|x86.Build.0 = Release|Any CPU
		{8001E3B3-6AD6-4778-A82C-F63FB4665809}.Debug|Any CPU.ActiveCfg = Debug|Any CPU
		{8001E3B3-6AD6-4778-A82C-F63FB4665809}.Debug|Any CPU.Build.0 = Debug|Any CPU
		{8001E3B3-6AD6-4778-A82C-F63FB4665809}.Debug|ARM.ActiveCfg = Debug|Any CPU
		{8001E3B3-6AD6-4778-A82C-F63FB4665809}.Debug|ARM.Build.0 = Debug|Any CPU
		{8001E3B3-6AD6-4778-A82C-F63FB4665809}.Debug|x64.ActiveCfg = Debug|Any CPU
		{8001E3B3-6AD6-4778-A82C-F63FB4665809}.Debug|x64.Build.0 = Debug|Any CPU
		{8001E3B3-6AD6-4778-A82C-F63FB4665809}.Debug|x86.ActiveCfg = Debug|Any CPU
		{8001E3B3-6AD6-4778-A82C-F63FB4665809}.Debug|x86.Build.0 = Debug|Any CPU
		{8001E3B3-6AD6-4778-A82C-F63FB4665809}.Release|Any CPU.ActiveCfg = Release|Any CPU
		{8001E3B3-6AD6-4778-A82C-F63FB4665809}.Release|Any CPU.Build.0 = Release|Any CPU
		{8001E3B3-6AD6-4778-A82C-F63FB4665809}.Release|ARM.ActiveCfg = Release|Any CPU
		{8001E3B3-6AD6-4778-A82C-F63FB4665809}.Release|ARM.Build.0 = Release|Any CPU
		{8001E3B3-6AD6-4778-A82C-F63FB4665809}.Release|x64.ActiveCfg = Release|Any CPU
		{8001E3B3-6AD6-4778-A82C-F63FB4665809}.Release|x64.Build.0 = Release|Any CPU
		{8001E3B3-6AD6-4778-A82C-F63FB4665809}.Release|x86.ActiveCfg = Release|Any CPU
		{8001E3B3-6AD6-4778-A82C-F63FB4665809}.Release|x86.Build.0 = Release|Any CPU
		{53FF3433-E824-483A-9FE5-49BE94819E85}.Debug|Any CPU.ActiveCfg = Debug|Any CPU
		{53FF3433-E824-483A-9FE5-49BE94819E85}.Debug|Any CPU.Build.0 = Debug|Any CPU
		{53FF3433-E824-483A-9FE5-49BE94819E85}.Debug|ARM.ActiveCfg = Debug|Any CPU
		{53FF3433-E824-483A-9FE5-49BE94819E85}.Debug|ARM.Build.0 = Debug|Any CPU
		{53FF3433-E824-483A-9FE5-49BE94819E85}.Debug|x64.ActiveCfg = Debug|Any CPU
		{53FF3433-E824-483A-9FE5-49BE94819E85}.Debug|x64.Build.0 = Debug|Any CPU
		{53FF3433-E824-483A-9FE5-49BE94819E85}.Debug|x86.ActiveCfg = Debug|Any CPU
		{53FF3433-E824-483A-9FE5-49BE94819E85}.Debug|x86.Build.0 = Debug|Any CPU
		{53FF3433-E824-483A-9FE5-49BE94819E85}.Release|Any CPU.ActiveCfg = Release|Any CPU
		{53FF3433-E824-483A-9FE5-49BE94819E85}.Release|Any CPU.Build.0 = Release|Any CPU
		{53FF3433-E824-483A-9FE5-49BE94819E85}.Release|ARM.ActiveCfg = Release|Any CPU
		{53FF3433-E824-483A-9FE5-49BE94819E85}.Release|ARM.Build.0 = Release|Any CPU
		{53FF3433-E824-483A-9FE5-49BE94819E85}.Release|x64.ActiveCfg = Release|Any CPU
		{53FF3433-E824-483A-9FE5-49BE94819E85}.Release|x64.Build.0 = Release|Any CPU
		{53FF3433-E824-483A-9FE5-49BE94819E85}.Release|x86.ActiveCfg = Release|Any CPU
		{53FF3433-E824-483A-9FE5-49BE94819E85}.Release|x86.Build.0 = Release|Any CPU
	EndGlobalSection
	GlobalSection(SolutionProperties) = preSolution
		HideSolutionNode = FALSE
	EndGlobalSection
	GlobalSection(NestedProjects) = preSolution
		{426C0DA7-3533-4D8B-85A3-1228161DD340} = {79411DC7-BC07-44FC-B108-531D4E3A461A}
		{42FE9174-A75B-4039-8C04-F1421D3DEEC0} = {426C0DA7-3533-4D8B-85A3-1228161DD340}
		{6FC1D504-8D21-4990-9DB2-520D4E7851B5} = {426C0DA7-3533-4D8B-85A3-1228161DD340}
		{E7BF3346-B7DE-4DBC-AB42-D17E148D3B1D} = {426C0DA7-3533-4D8B-85A3-1228161DD340}
		{8B7C8285-6AE3-4A76-92DD-48CC6F51200A} = {426C0DA7-3533-4D8B-85A3-1228161DD340}
		{D41B9302-F6F1-4D05-8005-3E457677DBA5} = {426C0DA7-3533-4D8B-85A3-1228161DD340}
		{7597E308-DD94-4518-A354-2884F2118BA9} = {426C0DA7-3533-4D8B-85A3-1228161DD340}
		{D3E08243-00BE-4D1A-909A-2D30AB348F70} = {426C0DA7-3533-4D8B-85A3-1228161DD340}
		{8001E3B3-6AD6-4778-A82C-F63FB4665809} = {426C0DA7-3533-4D8B-85A3-1228161DD340}
		{20C9768E-5617-472E-A1BE-2DE05F3A45F5} = {79411DC7-BC07-44FC-B108-531D4E3A461A}
		{53FF3433-E824-483A-9FE5-49BE94819E85} = {20C9768E-5617-472E-A1BE-2DE05F3A45F5}
	EndGlobalSection
	GlobalSection(ExtensibilityGlobals) = postSolution
		SolutionGuid = {34B5CBD3-2B85-4C8F-B754-F66C38CF5B6F}
	EndGlobalSection
EndGlobal
